// !$*UTF8*$!
{
	archiveVersion = 1;
	classes = {
	};
	objectVersion = 50;
	objects = {

/* Begin PBXBuildFile section */
		8F85C5B0244C647F00CE94E9 /* Assets.xcassets in Resources */ = {isa = PBXBuildFile; fileRef = 8F85C5AF244C647F00CE94E9 /* Assets.xcassets */; };
		8F85C5B3244C647F00CE94E9 /* Main.storyboard in Resources */ = {isa = PBXBuildFile; fileRef = 8F85C5B1244C647F00CE94E9 /* Main.storyboard */; };
		8F85C5CF244C654F00CE94E9 /* OpenGL.framework in Frameworks */ = {isa = PBXBuildFile; fileRef = 8F85C5CE244C654F00CE94E9 /* OpenGL.framework */; };
		8F85C5D1244C655B00CE94E9 /* GLUT.framework in Frameworks */ = {isa = PBXBuildFile; fileRef = 8F85C5D0244C655B00CE94E9 /* GLUT.framework */; };
		8F85C5D3244C656B00CE94E9 /* libGLTools.a in Frameworks */ = {isa = PBXBuildFile; fileRef = 8F85C5D2244C656B00CE94E9 /* libGLTools.a */; };
		8F85C5D5244C668800CE94E9 /* main.cpp in Sources */ = {isa = PBXBuildFile; fileRef = 8F85C5D4244C668800CE94E9 /* main.cpp */; };
/* End PBXBuildFile section */

/* Begin PBXFileReference section */
		8F85C5A6244C647E00CE94E9 /* 模型视图投影矩阵.app */ = {isa = PBXFileReference; explicitFileType = wrapper.application; includeInIndex = 0; path = "模型视图投影矩阵.app"; sourceTree = BUILT_PRODUCTS_DIR; };
		8F85C5AF244C647F00CE94E9 /* Assets.xcassets */ = {isa = PBXFileReference; lastKnownFileType = folder.assetcatalog; path = Assets.xcassets; sourceTree = "<group>"; };
		8F85C5B2244C647F00CE94E9 /* Base */ = {isa = PBXFileReference; lastKnownFileType = file.storyboard; name = Base; path = Base.lproj/Main.storyboard; sourceTree = "<group>"; };
		8F85C5B4244C647F00CE94E9 /* Info.plist */ = {isa = PBXFileReference; lastKnownFileType = text.plist.xml; path = Info.plist; sourceTree = "<group>"; };
		8F85C5B7244C647F00CE94E9 /* ________.entitlements */ = {isa = PBXFileReference; lastKnownFileType = text.plist.entitlements; path = "________.entitlements"; sourceTree = "<group>"; };
		8F85C5BE244C653700CE94E9 /* GLBatchBase.h */ = {isa = PBXFileReference; fileEncoding = 4; lastKnownFileType = sourcecode.c.h; path = GLBatchBase.h; sourceTree = "<group>"; };
		8F85C5BF244C653700CE94E9 /* math3d.h */ = {isa = PBXFileReference; fileEncoding = 4; lastKnownFileType = sourcecode.c.h; path = math3d.h; sourceTree = "<group>"; };
		8F85C5C0244C653700CE94E9 /* GLTriangleBatch.h */ = {isa = PBXFileReference; fileEncoding = 4; lastKnownFileType = sourcecode.c.h; path = GLTriangleBatch.h; sourceTree = "<group>"; };
		8F85C5C1244C653700CE94E9 /* GLBatch.h */ = {isa = PBXFileReference; fileEncoding = 4; lastKnownFileType = sourcecode.c.h; path = GLBatch.h; sourceTree = "<group>"; };
		8F85C5C2244C653700CE94E9 /* GLMatrixStack.h */ = {isa = PBXFileReference; fileEncoding = 4; lastKnownFileType = sourcecode.c.h; path = GLMatrixStack.h; sourceTree = "<group>"; };
		8F85C5C3244C653700CE94E9 /* GLFrame.h */ = {isa = PBXFileReference; fileEncoding = 4; lastKnownFileType = sourcecode.c.h; path = GLFrame.h; sourceTree = "<group>"; };
		8F85C5C4244C653700CE94E9 /* GLFrustum.h */ = {isa = PBXFileReference; fileEncoding = 4; lastKnownFileType = sourcecode.c.h; path = GLFrustum.h; sourceTree = "<group>"; };
		8F85C5C5244C653700CE94E9 /* GLGeometryTransform.h */ = {isa = PBXFileReference; fileEncoding = 4; lastKnownFileType = sourcecode.c.h; path = GLGeometryTransform.h; sourceTree = "<group>"; };
		8F85C5C6244C653700CE94E9 /* GLShaderManager.h */ = {isa = PBXFileReference; fileEncoding = 4; lastKnownFileType = sourcecode.c.h; path = GLShaderManager.h; sourceTree = "<group>"; };
		8F85C5C7244C653700CE94E9 /* StopWatch.h */ = {isa = PBXFileReference; fileEncoding = 4; lastKnownFileType = sourcecode.c.h; path = StopWatch.h; sourceTree = "<group>"; };
		8F85C5C9244C653700CE94E9 /* glxew.h */ = {isa = PBXFileReference; fileEncoding = 4; lastKnownFileType = sourcecode.c.h; path = glxew.h; sourceTree = "<group>"; };
		8F85C5CA244C653700CE94E9 /* wglew.h */ = {isa = PBXFileReference; fileEncoding = 4; lastKnownFileType = sourcecode.c.h; path = wglew.h; sourceTree = "<group>"; };
		8F85C5CB244C653700CE94E9 /* glew.h */ = {isa = PBXFileReference; fileEncoding = 4; lastKnownFileType = sourcecode.c.h; path = glew.h; sourceTree = "<group>"; };
		8F85C5CC244C653700CE94E9 /* GLTools.h */ = {isa = PBXFileReference; fileEncoding = 4; lastKnownFileType = sourcecode.c.h; path = GLTools.h; sourceTree = "<group>"; };
		8F85C5CE244C654F00CE94E9 /* OpenGL.framework */ = {isa = PBXFileReference; lastKnownFileType = wrapper.framework; name = OpenGL.framework; path = System/Library/Frameworks/OpenGL.framework; sourceTree = SDKROOT; };
		8F85C5D0244C655B00CE94E9 /* GLUT.framework */ = {isa = PBXFileReference; lastKnownFileType = wrapper.framework; name = GLUT.framework; path = System/Library/Frameworks/GLUT.framework; sourceTree = SDKROOT; };
		8F85C5D2244C656B00CE94E9 /* libGLTools.a */ = {isa = PBXFileReference; lastKnownFileType = archive.ar; path = libGLTools.a; sourceTree = "<group>"; };
		8F85C5D4244C668800CE94E9 /* main.cpp */ = {isa = PBXFileReference; lastKnownFileType = sourcecode.cpp.cpp; path = main.cpp; sourceTree = "<group>"; };
/* End PBXFileReference section */

/* Begin PBXFrameworksBuildPhase section */
		8F85C5A3244C647E00CE94E9 /* Frameworks */ = {
			isa = PBXFrameworksBuildPhase;
			buildActionMask = 2147483647;
			files = (
				8F85C5D3244C656B00CE94E9 /* libGLTools.a in Frameworks */,
				8F85C5D1244C655B00CE94E9 /* GLUT.framework in Frameworks */,
				8F85C5CF244C654F00CE94E9 /* OpenGL.framework in Frameworks */,
			);
			runOnlyForDeploymentPostprocessing = 0;
		};
/* End PBXFrameworksBuildPhase section */

/* Begin PBXGroup section */
		8F85C59D244C647E00CE94E9 = {
			isa = PBXGroup;
			children = (
				8F85C5A8244C647E00CE94E9 /* 模型视图投影矩阵 */,
				8F85C5A7244C647E00CE94E9 /* Products */,
				8F85C5CD244C654F00CE94E9 /* Frameworks */,
			);
			sourceTree = "<group>";
		};
		8F85C5A7244C647E00CE94E9 /* Products */ = {
			isa = PBXGroup;
			children = (
				8F85C5A6244C647E00CE94E9 /* 模型视图投影矩阵.app */,
			);
			name = Products;
			sourceTree = "<group>";
		};
		8F85C5A8244C647E00CE94E9 /* 模型视图投影矩阵 */ = {
			isa = PBXGroup;
			children = (
				8F85C5BD244C653700CE94E9 /* include */,
				8F85C5AF244C647F00CE94E9 /* Assets.xcassets */,
				8F85C5B1244C647F00CE94E9 /* Main.storyboard */,
				8F85C5B4244C647F00CE94E9 /* Info.plist */,
				8F85C5D4244C668800CE94E9 /* main.cpp */,
				8F85C5B7244C647F00CE94E9 /* ________.entitlements */,
			);
			path = "模型视图投影矩阵";
			sourceTree = "<group>";
		};
		8F85C5BD244C653700CE94E9 /* include */ = {
			isa = PBXGroup;
			children = (
				8F85C5BE244C653700CE94E9 /* GLBatchBase.h */,
				8F85C5BF244C653700CE94E9 /* math3d.h */,
				8F85C5C0244C653700CE94E9 /* GLTriangleBatch.h */,
				8F85C5C1244C653700CE94E9 /* GLBatch.h */,
				8F85C5C2244C653700CE94E9 /* GLMatrixStack.h */,
				8F85C5C3244C653700CE94E9 /* GLFrame.h */,
				8F85C5C4244C653700CE94E9 /* GLFrustum.h */,
				8F85C5C5244C653700CE94E9 /* GLGeometryTransform.h */,
				8F85C5C6244C653700CE94E9 /* GLShaderManager.h */,
				8F85C5C7244C653700CE94E9 /* StopWatch.h */,
				8F85C5C8244C653700CE94E9 /* GL */,
				8F85C5CC244C653700CE94E9 /* GLTools.h */,
			);
			path = include;
			sourceTree = "<group>";
		};
		8F85C5C8244C653700CE94E9 /* GL */ = {
			isa = PBXGroup;
			children = (
				8F85C5C9244C653700CE94E9 /* glxew.h */,
				8F85C5CA244C653700CE94E9 /* wglew.h */,
				8F85C5CB244C653700CE94E9 /* glew.h */,
			);
			path = GL;
			sourceTree = "<group>";
		};
		8F85C5CD244C654F00CE94E9 /* Frameworks */ = {
			isa = PBXGroup;
			children = (
				8F85C5D2244C656B00CE94E9 /* libGLTools.a */,
				8F85C5D0244C655B00CE94E9 /* GLUT.framework */,
				8F85C5CE244C654F00CE94E9 /* OpenGL.framework */,
			);
			name = Frameworks;
			sourceTree = "<group>";
		};
/* End PBXGroup section */

/* Begin PBXNativeTarget section */
		8F85C5A5244C647E00CE94E9 /* 模型视图投影矩阵 */ = {
			isa = PBXNativeTarget;
			buildConfigurationList = 8F85C5BA244C647F00CE94E9 /* Build configuration list for PBXNativeTarget "模型视图投影矩阵" */;
			buildPhases = (
				8F85C5A2244C647E00CE94E9 /* Sources */,
				8F85C5A3244C647E00CE94E9 /* Frameworks */,
				8F85C5A4244C647E00CE94E9 /* Resources */,
			);
			buildRules = (
			);
			dependencies = (
			);
			name = "模型视图投影矩阵";
			productName = "模型视图投影矩阵";
			productReference = 8F85C5A6244C647E00CE94E9 /* 模型视图投影矩阵.app */;
			productType = "com.apple.product-type.application";
		};
/* End PBXNativeTarget section */

/* Begin PBXProject section */
		8F85C59E244C647E00CE94E9 /* Project object */ = {
			isa = PBXProject;
			attributes = {
				LastUpgradeCheck = 1130;
				ORGANIZATIONNAME = AlanGe;
				TargetAttributes = {
					8F85C5A5244C647E00CE94E9 = {
						CreatedOnToolsVersion = 11.3;
					};
				};
			};
			buildConfigurationList = 8F85C5A1244C647E00CE94E9 /* Build configuration list for PBXProject "模型视图投影矩阵" */;
			compatibilityVersion = "Xcode 9.3";
			developmentRegion = en;
			hasScannedForEncodings = 0;
			knownRegions = (
				en,
				Base,
			);
			mainGroup = 8F85C59D244C647E00CE94E9;
			productRefGroup = 8F85C5A7244C647E00CE94E9 /* Products */;
			projectDirPath = "";
			projectRoot = "";
			targets = (
				8F85C5A5244C647E00CE94E9 /* 模型视图投影矩阵 */,
			);
		};
/* End PBXProject section */

/* Begin PBXResourcesBuildPhase section */
		8F85C5A4244C647E00CE94E9 /* Resources */ = {
			isa = PBXResourcesBuildPhase;
			buildActionMask = 2147483647;
			files = (
				8F85C5B0244C647F00CE94E9 /* Assets.xcassets in Resources */,
				8F85C5B3244C647F00CE94E9 /* Main.storyboard in Resources */,
			);
			runOnlyForDeploymentPostprocessing = 0;
		};
/* End PBXResourcesBuildPhase section */

/* Begin PBXSourcesBuildPhase section */
		8F85C5A2244C647E00CE94E9 /* Sources */ = {
			isa = PBXSourcesBuildPhase;
			buildActionMask = 2147483647;
			files = (
				8F85C5D5244C668800CE94E9 /* main.cpp in Sources */,
			);
			runOnlyForDeploymentPostprocessing = 0;
		};
/* End PBXSourcesBuildPhase section */

/* Begin PBXVariantGroup section */
		8F85C5B1244C647F00CE94E9 /* Main.storyboard */ = {
			isa = PBXVariantGroup;
			children = (
				8F85C5B2244C647F00CE94E9 /* Base */,
			);
			name = Main.storyboard;
			sourceTree = "<group>";
		};
/* End PBXVariantGroup section */

/* Begin XCBuildConfiguration section */
		8F85C5B8244C647F00CE94E9 /* Debug */ = {
			isa = XCBuildConfiguration;
			buildSettings = {
				ALWAYS_SEARCH_USER_PATHS = NO;
				CLANG_ANALYZER_NONNULL = YES;
				CLANG_ANALYZER_NUMBER_OBJECT_CONVERSION = YES_AGGRESSIVE;
				CLANG_CXX_LANGUAGE_STANDARD = "gnu++14";
				CLANG_CXX_LIBRARY = "libc++";
				CLANG_ENABLE_MODULES = YES;
				CLANG_ENABLE_OBJC_ARC = YES;
				CLANG_ENABLE_OBJC_WEAK = YES;
				CLANG_WARN_BLOCK_CAPTURE_AUTORELEASING = YES;
				CLANG_WARN_BOOL_CONVERSION = YES;
				CLANG_WARN_COMMA = YES;
				CLANG_WARN_CONSTANT_CONVERSION = YES;
				CLANG_WARN_DEPRECATED_OBJC_IMPLEMENTATIONS = YES;
				CLANG_WARN_DIRECT_OBJC_ISA_USAGE = YES_ERROR;
				CLANG_WARN_DOCUMENTATION_COMMENTS = YES;
				CLANG_WARN_EMPTY_BODY = YES;
				CLANG_WARN_ENUM_CONVERSION = YES;
				CLANG_WARN_INFINITE_RECURSION = YES;
				CLANG_WARN_INT_CONVERSION = YES;
				CLANG_WARN_NON_LITERAL_NULL_CONVERSION = YES;
				CLANG_WARN_OBJC_IMPLICIT_RETAIN_SELF = YES;
				CLANG_WARN_OBJC_LITERAL_CONVERSION = YES;
				CLANG_WARN_OBJC_ROOT_CLASS = YES_ERROR;
				CLANG_WARN_RANGE_LOOP_ANALYSIS = YES;
				CLANG_WARN_STRICT_PROTOTYPES = YES;
				CLANG_WARN_SUSPICIOUS_MOVE = YES;
				CLANG_WARN_UNGUARDED_AVAILABILITY = YES_AGGRESSIVE;
				CLANG_WARN_UNREACHABLE_CODE = YES;
				CLANG_WARN__DUPLICATE_METHOD_MATCH = YES;
				COPY_PHASE_STRIP = NO;
				DEBUG_INFORMATION_FORMAT = dwarf;
				ENABLE_STRICT_OBJC_MSGSEND = YES;
				ENABLE_TESTABILITY = YES;
				GCC_C_LANGUAGE_STANDARD = gnu11;
				GCC_DYNAMIC_NO_PIC = NO;
				GCC_NO_COMMON_BLOCKS = YES;
				GCC_OPTIMIZATION_LEVEL = 0;
				GCC_PREPROCESSOR_DEFINITIONS = (
					"DEBUG=1",
					"$(inherited)",
				);
				GCC_WARN_64_TO_32_BIT_CONVERSION = YES;
				GCC_WARN_ABOUT_RETURN_TYPE = YES_ERROR;
				GCC_WARN_UNDECLARED_SELECTOR = YES;
				GCC_WARN_UNINITIALIZED_AUTOS = YES_AGGRESSIVE;
				GCC_WARN_UNUSED_FUNCTION = YES;
				GCC_WARN_UNUSED_VARIABLE = YES;
				MACOSX_DEPLOYMENT_TARGET = 10.15;
				MTL_ENABLE_DEBUG_INFO = INCLUDE_SOURCE;
				MTL_FAST_MATH = YES;
				ONLY_ACTIVE_ARCH = YES;
				SDKROOT = macosx;
			};
			name = Debug;
		};
		8F85C5B9244C647F00CE94E9 /* Release */ = {
			isa = XCBuildConfiguration;
			buildSettings = {
				ALWAYS_SEARCH_USER_PATHS = NO;
				CLANG_ANALYZER_NONNULL = YES;
				CLANG_ANALYZER_NUMBER_OBJECT_CONVERSION = YES_AGGRESSIVE;
				CLANG_CXX_LANGUAGE_STANDARD = "gnu++14";
				CLANG_CXX_LIBRARY = "libc++";
				CLANG_ENABLE_MODULES = YES;
				CLANG_ENABLE_OBJC_ARC = YES;
				CLANG_ENABLE_OBJC_WEAK = YES;
				CLANG_WARN_BLOCK_CAPTURE_AUTORELEASING = YES;
				CLANG_WARN_BOOL_CONVERSION = YES;
				CLANG_WARN_COMMA = YES;
				CLANG_WARN_CONSTANT_CONVERSION = YES;
				CLANG_WARN_DEPRECATED_OBJC_IMPLEMENTATIONS = YES;
				CLANG_WARN_DIRECT_OBJC_ISA_USAGE = YES_ERROR;
				CLANG_WARN_DOCUMENTATION_COMMENTS = YES;
				CLANG_WARN_EMPTY_BODY = YES;
				CLANG_WARN_ENUM_CONVERSION = YES;
				CLANG_WARN_INFINITE_RECURSION = YES;
				CLANG_WARN_INT_CONVERSION = YES;
				CLANG_WARN_NON_LITERAL_NULL_CONVERSION = YES;
				CLANG_WARN_OBJC_IMPLICIT_RETAIN_SELF = YES;
				CLANG_WARN_OBJC_LITERAL_CONVERSION = YES;
				CLANG_WARN_OBJC_ROOT_CLASS = YES_ERROR;
				CLANG_WARN_RANGE_LOOP_ANALYSIS = YES;
				CLANG_WARN_STRICT_PROTOTYPES = YES;
				CLANG_WARN_SUSPICIOUS_MOVE = YES;
				CLANG_WARN_UNGUARDED_AVAILABILITY = YES_AGGRESSIVE;
				CLANG_WARN_UNREACHABLE_CODE = YES;
				CLANG_WARN__DUPLICATE_METHOD_MATCH = YES;
				COPY_PHASE_STRIP = NO;
				DEBUG_INFORMATION_FORMAT = "dwarf-with-dsym";
				ENABLE_NS_ASSERTIONS = NO;
				ENABLE_STRICT_OBJC_MSGSEND = YES;
				GCC_C_LANGUAGE_STANDARD = gnu11;
				GCC_NO_COMMON_BLOCKS = YES;
				GCC_WARN_64_TO_32_BIT_CONVERSION = YES;
				GCC_WARN_ABOUT_RETURN_TYPE = YES_ERROR;
				GCC_WARN_UNDECLARED_SELECTOR = YES;
				GCC_WARN_UNINITIALIZED_AUTOS = YES_AGGRESSIVE;
				GCC_WARN_UNUSED_FUNCTION = YES;
				GCC_WARN_UNUSED_VARIABLE = YES;
				MACOSX_DEPLOYMENT_TARGET = 10.15;
				MTL_ENABLE_DEBUG_INFO = NO;
				MTL_FAST_MATH = YES;
				SDKROOT = macosx;
			};
			name = Release;
		};
		8F85C5BB244C647F00CE94E9 /* Debug */ = {
			isa = XCBuildConfiguration;
			buildSettings = {
				ASSETCATALOG_COMPILER_APPICON_NAME = AppIcon;
				CODE_SIGN_ENTITLEMENTS = "模型视图投影矩阵/________.entitlements";
				CODE_SIGN_STYLE = Automatic;
				COMBINE_HIDPI_IMAGES = YES;
				HEADER_SEARCH_PATHS = "\"$(SRCROOT)/模型视图投影矩阵/include\"";
				INFOPLIST_FILE = "模型视图投影矩阵/Info.plist";
				LD_RUNPATH_SEARCH_PATHS = (
					"$(inherited)",
					"@executable_path/../Frameworks",
				);
				LIBRARY_SEARCH_PATHS = (
					"$(inherited)",
					"$(PROJECT_DIR)",
				);
				PRODUCT_BUNDLE_IDENTIFIER = "AlanGe.--------";
				PRODUCT_NAME = "$(TARGET_NAME)";
			};
			name = Debug;
		};
		8F85C5BC244C647F00CE94E9 /* Release */ = {
			isa = XCBuildConfiguration;
			buildSettings = {
				ASSETCATALOG_COMPILER_APPICON_NAME = AppIcon;
				CODE_SIGN_ENTITLEMENTS = "模型视图投影矩阵/________.entitlements";
				CODE_SIGN_STYLE = Automatic;
				COMBINE_HIDPI_IMAGES = YES;
				HEADER_SEARCH_PATHS = "\"$(SRCROOT)/模型视图投影矩阵/include\"";
				INFOPLIST_FILE = "模型视图投影矩阵/Info.plist";
				LD_RUNPATH_SEARCH_PATHS = (
					"$(inherited)",
					"@executable_path/../Frameworks",
				);
				LIBRARY_SEARCH_PATHS = (
					"$(inherited)",
					"$(PROJECT_DIR)",
				);
				PRODUCT_BUNDLE_IDENTIFIER = "AlanGe.--------";
				PRODUCT_NAME = "$(TARGET_NAME)";
			};
			name = Release;
		};
/* End XCBuildConfiguration section */

/* Begin XCConfigurationList section */
		8F85C5A1244C647E00CE94E9 /* Build configuration list for PBXProject "模型视图投影矩阵" */ = {
			isa = XCConfigurationList;
			buildConfigurations = (
				8F85C5B8244C647F00CE94E9 /* Debug */,
				8F85C5B9244C647F00CE94E9 /* Release */,
			);
			defaultConfigurationIsVisible = 0;
			defaultConfigurationName = Release;
		};
		8F85C5BA244C647F00CE94E9 /* Build configuration list for PBXNativeTarget "模型视图投影矩阵" */ = {
			isa = XCConfigurationList;
			buildConfigurations = (
				8F85C5BB244C647F00CE94E9 /* Debug */,
				8F85C5BC244C647F00CE94E9 /* Release */,
			);
			defaultConfigurationIsVisible = 0;
			defaultConfigurationName = Release;
		};
/* End XCConfigurationList section */
	};
	rootObject = 8F85C59E244C647E00CE94E9 /* Project object */;
}
