// !$*UTF8*$!
{
	archiveVersion = 1;
	classes = {
	};
	objectVersion = 50;
	objects = {

/* Begin PBXBuildFile section */
		8FAE2EDC249FAC71001B361E /* Assets.xcassets in Resources */ = {isa = PBXBuildFile; fileRef = 8FAE2EDB249FAC71001B361E /* Assets.xcassets */; };
		8FAE2EDF249FAC71001B361E /* Main.storyboard in Resources */ = {isa = PBXBuildFile; fileRef = 8FAE2EDD249FAC71001B361E /* Main.storyboard */; };
		8FAE2EFA249FAC9C001B361E /* main.cpp in Sources */ = {isa = PBXBuildFile; fileRef = 8FAE2EF9249FAC9C001B361E /* main.cpp */; };
		8FAE2EFD249FACAA001B361E /* OpenGL.framework in Frameworks */ = {isa = PBXBuildFile; fileRef = 8FAE2EFC249FACAA001B361E /* OpenGL.framework */; };
		8FAE2EFF249FACB0001B361E /* GLUT.framework in Frameworks */ = {isa = PBXBuildFile; fileRef = 8FAE2EFE249FACB0001B361E /* GLUT.framework */; };
		8FAE2F01249FACC9001B361E /* libGLTools.a in Frameworks */ = {isa = PBXBuildFile; fileRef = 8FAE2F00249FACC9001B361E /* libGLTools.a */; };
/* End PBXBuildFile section */

/* Begin PBXFileReference section */
		8FAE2ED2249FAC6F001B361E /* 正方形移动.app */ = {isa = PBXFileReference; explicitFileType = wrapper.application; includeInIndex = 0; path = "正方形移动.app"; sourceTree = BUILT_PRODUCTS_DIR; };
		8FAE2EDB249FAC71001B361E /* Assets.xcassets */ = {isa = PBXFileReference; lastKnownFileType = folder.assetcatalog; path = Assets.xcassets; sourceTree = "<group>"; };
		8FAE2EDE249FAC71001B361E /* Base */ = {isa = PBXFileReference; lastKnownFileType = file.storyboard; name = Base; path = Base.lproj/Main.storyboard; sourceTree = "<group>"; };
		8FAE2EE0249FAC71001B361E /* Info.plist */ = {isa = PBXFileReference; lastKnownFileType = text.plist.xml; path = Info.plist; sourceTree = "<group>"; };
		8FAE2EE3249FAC71001B361E /* _____.entitlements */ = {isa = PBXFileReference; lastKnownFileType = text.plist.entitlements; path = "_____.entitlements"; sourceTree = "<group>"; };
		8FAE2EEA249FAC8B001B361E /* GLBatchBase.h */ = {isa = PBXFileReference; fileEncoding = 4; lastKnownFileType = sourcecode.c.h; path = GLBatchBase.h; sourceTree = "<group>"; };
		8FAE2EEB249FAC8B001B361E /* math3d.h */ = {isa = PBXFileReference; fileEncoding = 4; lastKnownFileType = sourcecode.c.h; path = math3d.h; sourceTree = "<group>"; };
		8FAE2EEC249FAC8B001B361E /* GLTriangleBatch.h */ = {isa = PBXFileReference; fileEncoding = 4; lastKnownFileType = sourcecode.c.h; path = GLTriangleBatch.h; sourceTree = "<group>"; };
		8FAE2EED249FAC8B001B361E /* GLBatch.h */ = {isa = PBXFileReference; fileEncoding = 4; lastKnownFileType = sourcecode.c.h; path = GLBatch.h; sourceTree = "<group>"; };
		8FAE2EEE249FAC8B001B361E /* GLMatrixStack.h */ = {isa = PBXFileReference; fileEncoding = 4; lastKnownFileType = sourcecode.c.h; path = GLMatrixStack.h; sourceTree = "<group>"; };
		8FAE2EEF249FAC8B001B361E /* GLFrame.h */ = {isa = PBXFileReference; fileEncoding = 4; lastKnownFileType = sourcecode.c.h; path = GLFrame.h; sourceTree = "<group>"; };
		8FAE2EF0249FAC8B001B361E /* GLFrustum.h */ = {isa = PBXFileReference; fileEncoding = 4; lastKnownFileType = sourcecode.c.h; path = GLFrustum.h; sourceTree = "<group>"; };
		8FAE2EF1249FAC8B001B361E /* GLGeometryTransform.h */ = {isa = PBXFileReference; fileEncoding = 4; lastKnownFileType = sourcecode.c.h; path = GLGeometryTransform.h; sourceTree = "<group>"; };
		8FAE2EF2249FAC8B001B361E /* GLShaderManager.h */ = {isa = PBXFileReference; fileEncoding = 4; lastKnownFileType = sourcecode.c.h; path = GLShaderManager.h; sourceTree = "<group>"; };
		8FAE2EF3249FAC8B001B361E /* StopWatch.h */ = {isa = PBXFileReference; fileEncoding = 4; lastKnownFileType = sourcecode.c.h; path = StopWatch.h; sourceTree = "<group>"; };
		8FAE2EF5249FAC8C001B361E /* glxew.h */ = {isa = PBXFileReference; fileEncoding = 4; lastKnownFileType = sourcecode.c.h; path = glxew.h; sourceTree = "<group>"; };
		8FAE2EF6249FAC8C001B361E /* wglew.h */ = {isa = PBXFileReference; fileEncoding = 4; lastKnownFileType = sourcecode.c.h; path = wglew.h; sourceTree = "<group>"; };
		8FAE2EF7249FAC8C001B361E /* glew.h */ = {isa = PBXFileReference; fileEncoding = 4; lastKnownFileType = sourcecode.c.h; path = glew.h; sourceTree = "<group>"; };
		8FAE2EF8249FAC8C001B361E /* GLTools.h */ = {isa = PBXFileReference; fileEncoding = 4; lastKnownFileType = sourcecode.c.h; path = GLTools.h; sourceTree = "<group>"; };
		8FAE2EF9249FAC9C001B361E /* main.cpp */ = {isa = PBXFileReference; lastKnownFileType = sourcecode.cpp.cpp; path = main.cpp; sourceTree = "<group>"; };
		8FAE2EFC249FACAA001B361E /* OpenGL.framework */ = {isa = PBXFileReference; lastKnownFileType = wrapper.framework; name = OpenGL.framework; path = System/Library/Frameworks/OpenGL.framework; sourceTree = SDKROOT; };
		8FAE2EFE249FACB0001B361E /* GLUT.framework */ = {isa = PBXFileReference; lastKnownFileType = wrapper.framework; name = GLUT.framework; path = System/Library/Frameworks/GLUT.framework; sourceTree = SDKROOT; };
		8FAE2F00249FACC9001B361E /* libGLTools.a */ = {isa = PBXFileReference; lastKnownFileType = archive.ar; path = libGLTools.a; sourceTree = "<group>"; };
/* End PBXFileReference section */

/* Begin PBXFrameworksBuildPhase section */
		8FAE2ECF249FAC6F001B361E /* Frameworks */ = {
			isa = PBXFrameworksBuildPhase;
			buildActionMask = 2147483647;
			files = (
				8FAE2F01249FACC9001B361E /* libGLTools.a in Frameworks */,
				8FAE2EFF249FACB0001B361E /* GLUT.framework in Frameworks */,
				8FAE2EFD249FACAA001B361E /* OpenGL.framework in Frameworks */,
			);
			runOnlyForDeploymentPostprocessing = 0;
		};
/* End PBXFrameworksBuildPhase section */

/* Begin PBXGroup section */
		8FAE2EC9249FAC6F001B361E = {
			isa = PBXGroup;
			children = (
				8FAE2ED4249FAC6F001B361E /* 正方形移动 */,
				8FAE2ED3249FAC6F001B361E /* Products */,
				8FAE2EFB249FACAA001B361E /* Frameworks */,
			);
			sourceTree = "<group>";
		};
		8FAE2ED3249FAC6F001B361E /* Products */ = {
			isa = PBXGroup;
			children = (
				8FAE2ED2249FAC6F001B361E /* 正方形移动.app */,
			);
			name = Products;
			sourceTree = "<group>";
		};
		8FAE2ED4249FAC6F001B361E /* 正方形移动 */ = {
			isa = PBXGroup;
			children = (
				8FAE2EE9249FAC8B001B361E /* include */,
				8FAE2EDB249FAC71001B361E /* Assets.xcassets */,
				8FAE2EDD249FAC71001B361E /* Main.storyboard */,
				8FAE2EE0249FAC71001B361E /* Info.plist */,
				8FAE2EE3249FAC71001B361E /* _____.entitlements */,
				8FAE2EF9249FAC9C001B361E /* main.cpp */,
			);
			path = "正方形移动";
			sourceTree = "<group>";
		};
		8FAE2EE9249FAC8B001B361E /* include */ = {
			isa = PBXGroup;
			children = (
				8FAE2EEA249FAC8B001B361E /* GLBatchBase.h */,
				8FAE2EEB249FAC8B001B361E /* math3d.h */,
				8FAE2EEC249FAC8B001B361E /* GLTriangleBatch.h */,
				8FAE2EED249FAC8B001B361E /* GLBatch.h */,
				8FAE2EEE249FAC8B001B361E /* GLMatrixStack.h */,
				8FAE2EEF249FAC8B001B361E /* GLFrame.h */,
				8FAE2EF0249FAC8B001B361E /* GLFrustum.h */,
				8FAE2EF1249FAC8B001B361E /* GLGeometryTransform.h */,
				8FAE2EF2249FAC8B001B361E /* GLShaderManager.h */,
				8FAE2EF3249FAC8B001B361E /* StopWatch.h */,
				8FAE2EF4249FAC8C001B361E /* GL */,
				8FAE2EF8249FAC8C001B361E /* GLTools.h */,
			);
			path = include;
			sourceTree = "<group>";
		};
		8FAE2EF4249FAC8C001B361E /* GL */ = {
			isa = PBXGroup;
			children = (
				8FAE2EF5249FAC8C001B361E /* glxew.h */,
				8FAE2EF6249FAC8C001B361E /* wglew.h */,
				8FAE2EF7249FAC8C001B361E /* glew.h */,
			);
			path = GL;
			sourceTree = "<group>";
		};
		8FAE2EFB249FACAA001B361E /* Frameworks */ = {
			isa = PBXGroup;
			children = (
				8FAE2F00249FACC9001B361E /* libGLTools.a */,
				8FAE2EFE249FACB0001B361E /* GLUT.framework */,
				8FAE2EFC249FACAA001B361E /* OpenGL.framework */,
			);
			name = Frameworks;
			sourceTree = "<group>";
		};
/* End PBXGroup section */

/* Begin PBXNativeTarget section */
		8FAE2ED1249FAC6F001B361E /* 正方形移动 */ = {
			isa = PBXNativeTarget;
			buildConfigurationList = 8FAE2EE6249FAC71001B361E /* Build configuration list for PBXNativeTarget "正方形移动" */;
			buildPhases = (
				8FAE2ECE249FAC6F001B361E /* Sources */,
				8FAE2ECF249FAC6F001B361E /* Frameworks */,
				8FAE2ED0249FAC6F001B361E /* Resources */,
			);
			buildRules = (
			);
			dependencies = (
			);
			name = "正方形移动";
			productName = "正方形移动";
			productReference = 8FAE2ED2249FAC6F001B361E /* 正方形移动.app */;
			productType = "com.apple.product-type.application";
		};
/* End PBXNativeTarget section */

/* Begin PBXProject section */
		8FAE2ECA249FAC6F001B361E /* Project object */ = {
			isa = PBXProject;
			attributes = {
				LastUpgradeCheck = 1130;
				ORGANIZATIONNAME = AlanGe;
				TargetAttributes = {
					8FAE2ED1249FAC6F001B361E = {
						CreatedOnToolsVersion = 11.3;
					};
				};
			};
			buildConfigurationList = 8FAE2ECD249FAC6F001B361E /* Build configuration list for PBXProject "正方形移动" */;
			compatibilityVersion = "Xcode 9.3";
			developmentRegion = en;
			hasScannedForEncodings = 0;
			knownRegions = (
				en,
				Base,
			);
			mainGroup = 8FAE2EC9249FAC6F001B361E;
			productRefGroup = 8FAE2ED3249FAC6F001B361E /* Products */;
			projectDirPath = "";
			projectRoot = "";
			targets = (
				8FAE2ED1249FAC6F001B361E /* 正方形移动 */,
			);
		};
/* End PBXProject section */

/* Begin PBXResourcesBuildPhase section */
		8FAE2ED0249FAC6F001B361E /* Resources */ = {
			isa = PBXResourcesBuildPhase;
			buildActionMask = 2147483647;
			files = (
				8FAE2EDC249FAC71001B361E /* Assets.xcassets in Resources */,
				8FAE2EDF249FAC71001B361E /* Main.storyboard in Resources */,
			);
			runOnlyForDeploymentPostprocessing = 0;
		};
/* End PBXResourcesBuildPhase section */

/* Begin PBXSourcesBuildPhase section */
		8FAE2ECE249FAC6F001B361E /* Sources */ = {
			isa = PBXSourcesBuildPhase;
			buildActionMask = 2147483647;
			files = (
				8FAE2EFA249FAC9C001B361E /* main.cpp in Sources */,
			);
			runOnlyForDeploymentPostprocessing = 0;
		};
/* End PBXSourcesBuildPhase section */

/* Begin PBXVariantGroup section */
		8FAE2EDD249FAC71001B361E /* Main.storyboard */ = {
			isa = PBXVariantGroup;
			children = (
				8FAE2EDE249FAC71001B361E /* Base */,
			);
			name = Main.storyboard;
			sourceTree = "<group>";
		};
/* End PBXVariantGroup section */

/* Begin XCBuildConfiguration section */
		8FAE2EE4249FAC71001B361E /* Debug */ = {
			isa = XCBuildConfiguration;
			buildSettings = {
				ALWAYS_SEARCH_USER_PATHS = NO;
				CLANG_ANALYZER_NONNULL = YES;
				CLANG_ANALYZER_NUMBER_OBJECT_CONVERSION = YES_AGGRESSIVE;
				CLANG_CXX_LANGUAGE_STANDARD = "gnu++14";
				CLANG_CXX_LIBRARY = "libc++";
				CLANG_ENABLE_MODULES = YES;
				CLANG_ENABLE_OBJC_ARC = YES;
				CLANG_ENABLE_OBJC_WEAK = YES;
				CLANG_WARN_BLOCK_CAPTURE_AUTORELEASING = YES;
				CLANG_WARN_BOOL_CONVERSION = YES;
				CLANG_WARN_COMMA = YES;
				CLANG_WARN_CONSTANT_CONVERSION = YES;
				CLANG_WARN_DEPRECATED_OBJC_IMPLEMENTATIONS = YES;
				CLANG_WARN_DIRECT_OBJC_ISA_USAGE = YES_ERROR;
				CLANG_WARN_DOCUMENTATION_COMMENTS = YES;
				CLANG_WARN_EMPTY_BODY = YES;
				CLANG_WARN_ENUM_CONVERSION = YES;
				CLANG_WARN_INFINITE_RECURSION = YES;
				CLANG_WARN_INT_CONVERSION = YES;
				CLANG_WARN_NON_LITERAL_NULL_CONVERSION = YES;
				CLANG_WARN_OBJC_IMPLICIT_RETAIN_SELF = YES;
				CLANG_WARN_OBJC_LITERAL_CONVERSION = YES;
				CLANG_WARN_OBJC_ROOT_CLASS = YES_ERROR;
				CLANG_WARN_RANGE_LOOP_ANALYSIS = YES;
				CLANG_WARN_STRICT_PROTOTYPES = YES;
				CLANG_WARN_SUSPICIOUS_MOVE = YES;
				CLANG_WARN_UNGUARDED_AVAILABILITY = YES_AGGRESSIVE;
				CLANG_WARN_UNREACHABLE_CODE = YES;
				CLANG_WARN__DUPLICATE_METHOD_MATCH = YES;
				COPY_PHASE_STRIP = NO;
				DEBUG_INFORMATION_FORMAT = dwarf;
				ENABLE_STRICT_OBJC_MSGSEND = YES;
				ENABLE_TESTABILITY = YES;
				GCC_C_LANGUAGE_STANDARD = gnu11;
				GCC_DYNAMIC_NO_PIC = NO;
				GCC_NO_COMMON_BLOCKS = YES;
				GCC_OPTIMIZATION_LEVEL = 0;
				GCC_PREPROCESSOR_DEFINITIONS = (
					"DEBUG=1",
					"$(inherited)",
				);
				GCC_WARN_64_TO_32_BIT_CONVERSION = YES;
				GCC_WARN_ABOUT_RETURN_TYPE = YES_ERROR;
				GCC_WARN_UNDECLARED_SELECTOR = YES;
				GCC_WARN_UNINITIALIZED_AUTOS = YES_AGGRESSIVE;
				GCC_WARN_UNUSED_FUNCTION = YES;
				GCC_WARN_UNUSED_VARIABLE = YES;
				MACOSX_DEPLOYMENT_TARGET = 10.15;
				MTL_ENABLE_DEBUG_INFO = INCLUDE_SOURCE;
				MTL_FAST_MATH = YES;
				ONLY_ACTIVE_ARCH = YES;
				SDKROOT = macosx;
			};
			name = Debug;
		};
		8FAE2EE5249FAC71001B361E /* Release */ = {
			isa = XCBuildConfiguration;
			buildSettings = {
				ALWAYS_SEARCH_USER_PATHS = NO;
				CLANG_ANALYZER_NONNULL = YES;
				CLANG_ANALYZER_NUMBER_OBJECT_CONVERSION = YES_AGGRESSIVE;
				CLANG_CXX_LANGUAGE_STANDARD = "gnu++14";
				CLANG_CXX_LIBRARY = "libc++";
				CLANG_ENABLE_MODULES = YES;
				CLANG_ENABLE_OBJC_ARC = YES;
				CLANG_ENABLE_OBJC_WEAK = YES;
				CLANG_WARN_BLOCK_CAPTURE_AUTORELEASING = YES;
				CLANG_WARN_BOOL_CONVERSION = YES;
				CLANG_WARN_COMMA = YES;
				CLANG_WARN_CONSTANT_CONVERSION = YES;
				CLANG_WARN_DEPRECATED_OBJC_IMPLEMENTATIONS = YES;
				CLANG_WARN_DIRECT_OBJC_ISA_USAGE = YES_ERROR;
				CLANG_WARN_DOCUMENTATION_COMMENTS = YES;
				CLANG_WARN_EMPTY_BODY = YES;
				CLANG_WARN_ENUM_CONVERSION = YES;
				CLANG_WARN_INFINITE_RECURSION = YES;
				CLANG_WARN_INT_CONVERSION = YES;
				CLANG_WARN_NON_LITERAL_NULL_CONVERSION = YES;
				CLANG_WARN_OBJC_IMPLICIT_RETAIN_SELF = YES;
				CLANG_WARN_OBJC_LITERAL_CONVERSION = YES;
				CLANG_WARN_OBJC_ROOT_CLASS = YES_ERROR;
				CLANG_WARN_RANGE_LOOP_ANALYSIS = YES;
				CLANG_WARN_STRICT_PROTOTYPES = YES;
				CLANG_WARN_SUSPICIOUS_MOVE = YES;
				CLANG_WARN_UNGUARDED_AVAILABILITY = YES_AGGRESSIVE;
				CLANG_WARN_UNREACHABLE_CODE = YES;
				CLANG_WARN__DUPLICATE_METHOD_MATCH = YES;
				COPY_PHASE_STRIP = NO;
				DEBUG_INFORMATION_FORMAT = "dwarf-with-dsym";
				ENABLE_NS_ASSERTIONS = NO;
				ENABLE_STRICT_OBJC_MSGSEND = YES;
				GCC_C_LANGUAGE_STANDARD = gnu11;
				GCC_NO_COMMON_BLOCKS = YES;
				GCC_WARN_64_TO_32_BIT_CONVERSION = YES;
				GCC_WARN_ABOUT_RETURN_TYPE = YES_ERROR;
				GCC_WARN_UNDECLARED_SELECTOR = YES;
				GCC_WARN_UNINITIALIZED_AUTOS = YES_AGGRESSIVE;
				GCC_WARN_UNUSED_FUNCTION = YES;
				GCC_WARN_UNUSED_VARIABLE = YES;
				MACOSX_DEPLOYMENT_TARGET = 10.15;
				MTL_ENABLE_DEBUG_INFO = NO;
				MTL_FAST_MATH = YES;
				SDKROOT = macosx;
			};
			name = Release;
		};
		8FAE2EE7249FAC71001B361E /* Debug */ = {
			isa = XCBuildConfiguration;
			buildSettings = {
				ASSETCATALOG_COMPILER_APPICON_NAME = AppIcon;
				CODE_SIGN_ENTITLEMENTS = "正方形移动/_____.entitlements";
				CODE_SIGN_STYLE = Automatic;
				COMBINE_HIDPI_IMAGES = YES;
				HEADER_SEARCH_PATHS = "\"$(SRCROOT)/正方形移动/include\"";
				INFOPLIST_FILE = "正方形移动/Info.plist";
				LD_RUNPATH_SEARCH_PATHS = (
					"$(inherited)",
					"@executable_path/../Frameworks",
				);
				LIBRARY_SEARCH_PATHS = (
					"$(inherited)",
					"$(PROJECT_DIR)",
				);
				PRODUCT_BUNDLE_IDENTIFIER = "AlanGe.-----";
				PRODUCT_NAME = "$(TARGET_NAME)";
			};
			name = Debug;
		};
		8FAE2EE8249FAC71001B361E /* Release */ = {
			isa = XCBuildConfiguration;
			buildSettings = {
				ASSETCATALOG_COMPILER_APPICON_NAME = AppIcon;
				CODE_SIGN_ENTITLEMENTS = "正方形移动/_____.entitlements";
				CODE_SIGN_STYLE = Automatic;
				COMBINE_HIDPI_IMAGES = YES;
				HEADER_SEARCH_PATHS = "\"$(SRCROOT)/正方形移动/include\"";
				INFOPLIST_FILE = "正方形移动/Info.plist";
				LD_RUNPATH_SEARCH_PATHS = (
					"$(inherited)",
					"@executable_path/../Frameworks",
				);
				LIBRARY_SEARCH_PATHS = (
					"$(inherited)",
					"$(PROJECT_DIR)",
				);
				PRODUCT_BUNDLE_IDENTIFIER = "AlanGe.-----";
				PRODUCT_NAME = "$(TARGET_NAME)";
			};
			name = Release;
		};
/* End XCBuildConfiguration section */

/* Begin XCConfigurationList section */
		8FAE2ECD249FAC6F001B361E /* Build configuration list for PBXProject "正方形移动" */ = {
			isa = XCConfigurationList;
			buildConfigurations = (
				8FAE2EE4249FAC71001B361E /* Debug */,
				8FAE2EE5249FAC71001B361E /* Release */,
			);
			defaultConfigurationIsVisible = 0;
			defaultConfigurationName = Release;
		};
		8FAE2EE6249FAC71001B361E /* Build configuration list for PBXNativeTarget "正方形移动" */ = {
			isa = XCConfigurationList;
			buildConfigurations = (
				8FAE2EE7249FAC71001B361E /* Debug */,
				8FAE2EE8249FAC71001B361E /* Release */,
			);
			defaultConfigurationIsVisible = 0;
			defaultConfigurationName = Release;
		};
/* End XCConfigurationList section */
	};
	rootObject = 8FAE2ECA249FAC6F001B361E /* Project object */;
}
