// !$*UTF8*$!
{
	archiveVersion = 1;
	classes = {
	};
	objectVersion = 50;
	objects = {

/* Begin PBXBuildFile section */
		8F0F94FC24A83A5000463B5D /* Assets.xcassets in Resources */ = {isa = PBXBuildFile; fileRef = 8F0F94FB24A83A5000463B5D /* Assets.xcassets */; };
		8F0F94FF24A83A5000463B5D /* Main.storyboard in Resources */ = {isa = PBXBuildFile; fileRef = 8F0F94FD24A83A5000463B5D /* Main.storyboard */; };
		8F0F950B24A83A6200463B5D /* OpenGL.framework in Frameworks */ = {isa = PBXBuildFile; fileRef = 8F0F950A24A83A6200463B5D /* OpenGL.framework */; };
		8F0F950D24A83A6800463B5D /* GLUT.framework in Frameworks */ = {isa = PBXBuildFile; fileRef = 8F0F950C24A83A6800463B5D /* GLUT.framework */; };
		8F0F951F24A83A8F00463B5D /* libGLTools.a in Frameworks */ = {isa = PBXBuildFile; fileRef = 8F0F951E24A83A8F00463B5D /* libGLTools.a */; };
		8F0F952124A83A9A00463B5D /* main.cpp in Sources */ = {isa = PBXBuildFile; fileRef = 8F0F952024A83A9A00463B5D /* main.cpp */; };
/* End PBXBuildFile section */

/* Begin PBXFileReference section */
		8F0F94F224A83A5000463B5D /* 多重采样.app */ = {isa = PBXFileReference; explicitFileType = wrapper.application; includeInIndex = 0; path = "多重采样.app"; sourceTree = BUILT_PRODUCTS_DIR; };
		8F0F94FB24A83A5000463B5D /* Assets.xcassets */ = {isa = PBXFileReference; lastKnownFileType = folder.assetcatalog; path = Assets.xcassets; sourceTree = "<group>"; };
		8F0F94FE24A83A5000463B5D /* Base */ = {isa = PBXFileReference; lastKnownFileType = file.storyboard; name = Base; path = Base.lproj/Main.storyboard; sourceTree = "<group>"; };
		8F0F950024A83A5000463B5D /* Info.plist */ = {isa = PBXFileReference; lastKnownFileType = text.plist.xml; path = Info.plist; sourceTree = "<group>"; };
		8F0F950324A83A5000463B5D /* ____.entitlements */ = {isa = PBXFileReference; lastKnownFileType = text.plist.entitlements; path = "____.entitlements"; sourceTree = "<group>"; };
		8F0F950A24A83A6200463B5D /* OpenGL.framework */ = {isa = PBXFileReference; lastKnownFileType = wrapper.framework; name = OpenGL.framework; path = System/Library/Frameworks/OpenGL.framework; sourceTree = SDKROOT; };
		8F0F950C24A83A6800463B5D /* GLUT.framework */ = {isa = PBXFileReference; lastKnownFileType = wrapper.framework; name = GLUT.framework; path = System/Library/Frameworks/GLUT.framework; sourceTree = SDKROOT; };
		8F0F950F24A83A8100463B5D /* GLBatchBase.h */ = {isa = PBXFileReference; fileEncoding = 4; lastKnownFileType = sourcecode.c.h; path = GLBatchBase.h; sourceTree = "<group>"; };
		8F0F951024A83A8100463B5D /* math3d.h */ = {isa = PBXFileReference; fileEncoding = 4; lastKnownFileType = sourcecode.c.h; path = math3d.h; sourceTree = "<group>"; };
		8F0F951124A83A8100463B5D /* GLTriangleBatch.h */ = {isa = PBXFileReference; fileEncoding = 4; lastKnownFileType = sourcecode.c.h; path = GLTriangleBatch.h; sourceTree = "<group>"; };
		8F0F951224A83A8100463B5D /* GLBatch.h */ = {isa = PBXFileReference; fileEncoding = 4; lastKnownFileType = sourcecode.c.h; path = GLBatch.h; sourceTree = "<group>"; };
		8F0F951324A83A8100463B5D /* GLMatrixStack.h */ = {isa = PBXFileReference; fileEncoding = 4; lastKnownFileType = sourcecode.c.h; path = GLMatrixStack.h; sourceTree = "<group>"; };
		8F0F951424A83A8100463B5D /* GLFrame.h */ = {isa = PBXFileReference; fileEncoding = 4; lastKnownFileType = sourcecode.c.h; path = GLFrame.h; sourceTree = "<group>"; };
		8F0F951524A83A8100463B5D /* GLFrustum.h */ = {isa = PBXFileReference; fileEncoding = 4; lastKnownFileType = sourcecode.c.h; path = GLFrustum.h; sourceTree = "<group>"; };
		8F0F951624A83A8100463B5D /* GLGeometryTransform.h */ = {isa = PBXFileReference; fileEncoding = 4; lastKnownFileType = sourcecode.c.h; path = GLGeometryTransform.h; sourceTree = "<group>"; };
		8F0F951724A83A8100463B5D /* GLShaderManager.h */ = {isa = PBXFileReference; fileEncoding = 4; lastKnownFileType = sourcecode.c.h; path = GLShaderManager.h; sourceTree = "<group>"; };
		8F0F951824A83A8100463B5D /* StopWatch.h */ = {isa = PBXFileReference; fileEncoding = 4; lastKnownFileType = sourcecode.c.h; path = StopWatch.h; sourceTree = "<group>"; };
		8F0F951A24A83A8100463B5D /* glxew.h */ = {isa = PBXFileReference; fileEncoding = 4; lastKnownFileType = sourcecode.c.h; path = glxew.h; sourceTree = "<group>"; };
		8F0F951B24A83A8100463B5D /* wglew.h */ = {isa = PBXFileReference; fileEncoding = 4; lastKnownFileType = sourcecode.c.h; path = wglew.h; sourceTree = "<group>"; };
		8F0F951C24A83A8100463B5D /* glew.h */ = {isa = PBXFileReference; fileEncoding = 4; lastKnownFileType = sourcecode.c.h; path = glew.h; sourceTree = "<group>"; };
		8F0F951D24A83A8100463B5D /* GLTools.h */ = {isa = PBXFileReference; fileEncoding = 4; lastKnownFileType = sourcecode.c.h; path = GLTools.h; sourceTree = "<group>"; };
		8F0F951E24A83A8F00463B5D /* libGLTools.a */ = {isa = PBXFileReference; lastKnownFileType = archive.ar; path = libGLTools.a; sourceTree = "<group>"; };
		8F0F952024A83A9A00463B5D /* main.cpp */ = {isa = PBXFileReference; lastKnownFileType = sourcecode.cpp.cpp; path = main.cpp; sourceTree = "<group>"; };
/* End PBXFileReference section */

/* Begin PBXFrameworksBuildPhase section */
		8F0F94EF24A83A5000463B5D /* Frameworks */ = {
			isa = PBXFrameworksBuildPhase;
			buildActionMask = 2147483647;
			files = (
				8F0F951F24A83A8F00463B5D /* libGLTools.a in Frameworks */,
				8F0F950D24A83A6800463B5D /* GLUT.framework in Frameworks */,
				8F0F950B24A83A6200463B5D /* OpenGL.framework in Frameworks */,
			);
			runOnlyForDeploymentPostprocessing = 0;
		};
/* End PBXFrameworksBuildPhase section */

/* Begin PBXGroup section */
		8F0F94E924A83A4F00463B5D = {
			isa = PBXGroup;
			children = (
				8F0F94F424A83A5000463B5D /* 多重采样 */,
				8F0F94F324A83A5000463B5D /* Products */,
				8F0F950924A83A6200463B5D /* Frameworks */,
			);
			sourceTree = "<group>";
		};
		8F0F94F324A83A5000463B5D /* Products */ = {
			isa = PBXGroup;
			children = (
				8F0F94F224A83A5000463B5D /* 多重采样.app */,
			);
			name = Products;
			sourceTree = "<group>";
		};
		8F0F94F424A83A5000463B5D /* 多重采样 */ = {
			isa = PBXGroup;
			children = (
				8F0F950E24A83A8100463B5D /* include */,
				8F0F94FB24A83A5000463B5D /* Assets.xcassets */,
				8F0F94FD24A83A5000463B5D /* Main.storyboard */,
				8F0F950024A83A5000463B5D /* Info.plist */,
				8F0F950324A83A5000463B5D /* ____.entitlements */,
				8F0F952024A83A9A00463B5D /* main.cpp */,
			);
			path = "多重采样";
			sourceTree = "<group>";
		};
		8F0F950924A83A6200463B5D /* Frameworks */ = {
			isa = PBXGroup;
			children = (
				8F0F951E24A83A8F00463B5D /* libGLTools.a */,
				8F0F950C24A83A6800463B5D /* GLUT.framework */,
				8F0F950A24A83A6200463B5D /* OpenGL.framework */,
			);
			name = Frameworks;
			sourceTree = "<group>";
		};
		8F0F950E24A83A8100463B5D /* include */ = {
			isa = PBXGroup;
			children = (
				8F0F950F24A83A8100463B5D /* GLBatchBase.h */,
				8F0F951024A83A8100463B5D /* math3d.h */,
				8F0F951124A83A8100463B5D /* GLTriangleBatch.h */,
				8F0F951224A83A8100463B5D /* GLBatch.h */,
				8F0F951324A83A8100463B5D /* GLMatrixStack.h */,
				8F0F951424A83A8100463B5D /* GLFrame.h */,
				8F0F951524A83A8100463B5D /* GLFrustum.h */,
				8F0F951624A83A8100463B5D /* GLGeometryTransform.h */,
				8F0F951724A83A8100463B5D /* GLShaderManager.h */,
				8F0F951824A83A8100463B5D /* StopWatch.h */,
				8F0F951924A83A8100463B5D /* GL */,
				8F0F951D24A83A8100463B5D /* GLTools.h */,
			);
			path = include;
			sourceTree = "<group>";
		};
		8F0F951924A83A8100463B5D /* GL */ = {
			isa = PBXGroup;
			children = (
				8F0F951A24A83A8100463B5D /* glxew.h */,
				8F0F951B24A83A8100463B5D /* wglew.h */,
				8F0F951C24A83A8100463B5D /* glew.h */,
			);
			path = GL;
			sourceTree = "<group>";
		};
/* End PBXGroup section */

/* Begin PBXNativeTarget section */
		8F0F94F124A83A5000463B5D /* 多重采样 */ = {
			isa = PBXNativeTarget;
			buildConfigurationList = 8F0F950624A83A5000463B5D /* Build configuration list for PBXNativeTarget "多重采样" */;
			buildPhases = (
				8F0F94EE24A83A5000463B5D /* Sources */,
				8F0F94EF24A83A5000463B5D /* Frameworks */,
				8F0F94F024A83A5000463B5D /* Resources */,
			);
			buildRules = (
			);
			dependencies = (
			);
			name = "多重采样";
			productName = "多重采样";
			productReference = 8F0F94F224A83A5000463B5D /* 多重采样.app */;
			productType = "com.apple.product-type.application";
		};
/* End PBXNativeTarget section */

/* Begin PBXProject section */
		8F0F94EA24A83A4F00463B5D /* Project object */ = {
			isa = PBXProject;
			attributes = {
				LastUpgradeCheck = 1130;
				ORGANIZATIONNAME = AlanGe;
				TargetAttributes = {
					8F0F94F124A83A5000463B5D = {
						CreatedOnToolsVersion = 11.3;
					};
				};
			};
			buildConfigurationList = 8F0F94ED24A83A4F00463B5D /* Build configuration list for PBXProject "多重采样" */;
			compatibilityVersion = "Xcode 9.3";
			developmentRegion = en;
			hasScannedForEncodings = 0;
			knownRegions = (
				en,
				Base,
			);
			mainGroup = 8F0F94E924A83A4F00463B5D;
			productRefGroup = 8F0F94F324A83A5000463B5D /* Products */;
			projectDirPath = "";
			projectRoot = "";
			targets = (
				8F0F94F124A83A5000463B5D /* 多重采样 */,
			);
		};
/* End PBXProject section */

/* Begin PBXResourcesBuildPhase section */
		8F0F94F024A83A5000463B5D /* Resources */ = {
			isa = PBXResourcesBuildPhase;
			buildActionMask = 2147483647;
			files = (
				8F0F94FC24A83A5000463B5D /* Assets.xcassets in Resources */,
				8F0F94FF24A83A5000463B5D /* Main.storyboard in Resources */,
			);
			runOnlyForDeploymentPostprocessing = 0;
		};
/* End PBXResourcesBuildPhase section */

/* Begin PBXSourcesBuildPhase section */
		8F0F94EE24A83A5000463B5D /* Sources */ = {
			isa = PBXSourcesBuildPhase;
			buildActionMask = 2147483647;
			files = (
				8F0F952124A83A9A00463B5D /* main.cpp in Sources */,
			);
			runOnlyForDeploymentPostprocessing = 0;
		};
/* End PBXSourcesBuildPhase section */

/* Begin PBXVariantGroup section */
		8F0F94FD24A83A5000463B5D /* Main.storyboard */ = {
			isa = PBXVariantGroup;
			children = (
				8F0F94FE24A83A5000463B5D /* Base */,
			);
			name = Main.storyboard;
			sourceTree = "<group>";
		};
/* End PBXVariantGroup section */

/* Begin XCBuildConfiguration section */
		8F0F950424A83A5000463B5D /* Debug */ = {
			isa = XCBuildConfiguration;
			buildSettings = {
				ALWAYS_SEARCH_USER_PATHS = NO;
				CLANG_ANALYZER_NONNULL = YES;
				CLANG_ANALYZER_NUMBER_OBJECT_CONVERSION = YES_AGGRESSIVE;
				CLANG_CXX_LANGUAGE_STANDARD = "gnu++14";
				CLANG_CXX_LIBRARY = "libc++";
				CLANG_ENABLE_MODULES = YES;
				CLANG_ENABLE_OBJC_ARC = YES;
				CLANG_ENABLE_OBJC_WEAK = YES;
				CLANG_WARN_BLOCK_CAPTURE_AUTORELEASING = YES;
				CLANG_WARN_BOOL_CONVERSION = YES;
				CLANG_WARN_COMMA = YES;
				CLANG_WARN_CONSTANT_CONVERSION = YES;
				CLANG_WARN_DEPRECATED_OBJC_IMPLEMENTATIONS = YES;
				CLANG_WARN_DIRECT_OBJC_ISA_USAGE = YES_ERROR;
				CLANG_WARN_DOCUMENTATION_COMMENTS = YES;
				CLANG_WARN_EMPTY_BODY = YES;
				CLANG_WARN_ENUM_CONVERSION = YES;
				CLANG_WARN_INFINITE_RECURSION = YES;
				CLANG_WARN_INT_CONVERSION = YES;
				CLANG_WARN_NON_LITERAL_NULL_CONVERSION = YES;
				CLANG_WARN_OBJC_IMPLICIT_RETAIN_SELF = YES;
				CLANG_WARN_OBJC_LITERAL_CONVERSION = YES;
				CLANG_WARN_OBJC_ROOT_CLASS = YES_ERROR;
				CLANG_WARN_RANGE_LOOP_ANALYSIS = YES;
				CLANG_WARN_STRICT_PROTOTYPES = YES;
				CLANG_WARN_SUSPICIOUS_MOVE = YES;
				CLANG_WARN_UNGUARDED_AVAILABILITY = YES_AGGRESSIVE;
				CLANG_WARN_UNREACHABLE_CODE = YES;
				CLANG_WARN__DUPLICATE_METHOD_MATCH = YES;
				COPY_PHASE_STRIP = NO;
				DEBUG_INFORMATION_FORMAT = dwarf;
				ENABLE_STRICT_OBJC_MSGSEND = YES;
				ENABLE_TESTABILITY = YES;
				GCC_C_LANGUAGE_STANDARD = gnu11;
				GCC_DYNAMIC_NO_PIC = NO;
				GCC_NO_COMMON_BLOCKS = YES;
				GCC_OPTIMIZATION_LEVEL = 0;
				GCC_PREPROCESSOR_DEFINITIONS = (
					"DEBUG=1",
					"$(inherited)",
				);
				GCC_WARN_64_TO_32_BIT_CONVERSION = YES;
				GCC_WARN_ABOUT_RETURN_TYPE = YES_ERROR;
				GCC_WARN_UNDECLARED_SELECTOR = YES;
				GCC_WARN_UNINITIALIZED_AUTOS = YES_AGGRESSIVE;
				GCC_WARN_UNUSED_FUNCTION = YES;
				GCC_WARN_UNUSED_VARIABLE = YES;
				MACOSX_DEPLOYMENT_TARGET = 10.15;
				MTL_ENABLE_DEBUG_INFO = INCLUDE_SOURCE;
				MTL_FAST_MATH = YES;
				ONLY_ACTIVE_ARCH = YES;
				SDKROOT = macosx;
			};
			name = Debug;
		};
		8F0F950524A83A5000463B5D /* Release */ = {
			isa = XCBuildConfiguration;
			buildSettings = {
				ALWAYS_SEARCH_USER_PATHS = NO;
				CLANG_ANALYZER_NONNULL = YES;
				CLANG_ANALYZER_NUMBER_OBJECT_CONVERSION = YES_AGGRESSIVE;
				CLANG_CXX_LANGUAGE_STANDARD = "gnu++14";
				CLANG_CXX_LIBRARY = "libc++";
				CLANG_ENABLE_MODULES = YES;
				CLANG_ENABLE_OBJC_ARC = YES;
				CLANG_ENABLE_OBJC_WEAK = YES;
				CLANG_WARN_BLOCK_CAPTURE_AUTORELEASING = YES;
				CLANG_WARN_BOOL_CONVERSION = YES;
				CLANG_WARN_COMMA = YES;
				CLANG_WARN_CONSTANT_CONVERSION = YES;
				CLANG_WARN_DEPRECATED_OBJC_IMPLEMENTATIONS = YES;
				CLANG_WARN_DIRECT_OBJC_ISA_USAGE = YES_ERROR;
				CLANG_WARN_DOCUMENTATION_COMMENTS = YES;
				CLANG_WARN_EMPTY_BODY = YES;
				CLANG_WARN_ENUM_CONVERSION = YES;
				CLANG_WARN_INFINITE_RECURSION = YES;
				CLANG_WARN_INT_CONVERSION = YES;
				CLANG_WARN_NON_LITERAL_NULL_CONVERSION = YES;
				CLANG_WARN_OBJC_IMPLICIT_RETAIN_SELF = YES;
				CLANG_WARN_OBJC_LITERAL_CONVERSION = YES;
				CLANG_WARN_OBJC_ROOT_CLASS = YES_ERROR;
				CLANG_WARN_RANGE_LOOP_ANALYSIS = YES;
				CLANG_WARN_STRICT_PROTOTYPES = YES;
				CLANG_WARN_SUSPICIOUS_MOVE = YES;
				CLANG_WARN_UNGUARDED_AVAILABILITY = YES_AGGRESSIVE;
				CLANG_WARN_UNREACHABLE_CODE = YES;
				CLANG_WARN__DUPLICATE_METHOD_MATCH = YES;
				COPY_PHASE_STRIP = NO;
				DEBUG_INFORMATION_FORMAT = "dwarf-with-dsym";
				ENABLE_NS_ASSERTIONS = NO;
				ENABLE_STRICT_OBJC_MSGSEND = YES;
				GCC_C_LANGUAGE_STANDARD = gnu11;
				GCC_NO_COMMON_BLOCKS = YES;
				GCC_WARN_64_TO_32_BIT_CONVERSION = YES;
				GCC_WARN_ABOUT_RETURN_TYPE = YES_ERROR;
				GCC_WARN_UNDECLARED_SELECTOR = YES;
				GCC_WARN_UNINITIALIZED_AUTOS = YES_AGGRESSIVE;
				GCC_WARN_UNUSED_FUNCTION = YES;
				GCC_WARN_UNUSED_VARIABLE = YES;
				MACOSX_DEPLOYMENT_TARGET = 10.15;
				MTL_ENABLE_DEBUG_INFO = NO;
				MTL_FAST_MATH = YES;
				SDKROOT = macosx;
			};
			name = Release;
		};
		8F0F950724A83A5000463B5D /* Debug */ = {
			isa = XCBuildConfiguration;
			buildSettings = {
				ASSETCATALOG_COMPILER_APPICON_NAME = AppIcon;
				CODE_SIGN_ENTITLEMENTS = "多重采样/____.entitlements";
				CODE_SIGN_STYLE = Automatic;
				COMBINE_HIDPI_IMAGES = YES;
				HEADER_SEARCH_PATHS = "\"$(SRCROOT)/多重采样/include\"";
				INFOPLIST_FILE = "多重采样/Info.plist";
				LD_RUNPATH_SEARCH_PATHS = (
					"$(inherited)",
					"@executable_path/../Frameworks",
				);
				LIBRARY_SEARCH_PATHS = (
					"$(inherited)",
					"$(PROJECT_DIR)",
				);
				PRODUCT_BUNDLE_IDENTIFIER = "AlanGe.----";
				PRODUCT_NAME = "$(TARGET_NAME)";
			};
			name = Debug;
		};
		8F0F950824A83A5000463B5D /* Release */ = {
			isa = XCBuildConfiguration;
			buildSettings = {
				ASSETCATALOG_COMPILER_APPICON_NAME = AppIcon;
				CODE_SIGN_ENTITLEMENTS = "多重采样/____.entitlements";
				CODE_SIGN_STYLE = Automatic;
				COMBINE_HIDPI_IMAGES = YES;
				HEADER_SEARCH_PATHS = "\"$(SRCROOT)/多重采样/include\"";
				INFOPLIST_FILE = "多重采样/Info.plist";
				LD_RUNPATH_SEARCH_PATHS = (
					"$(inherited)",
					"@executable_path/../Frameworks",
				);
				LIBRARY_SEARCH_PATHS = (
					"$(inherited)",
					"$(PROJECT_DIR)",
				);
				PRODUCT_BUNDLE_IDENTIFIER = "AlanGe.----";
				PRODUCT_NAME = "$(TARGET_NAME)";
			};
			name = Release;
		};
/* End XCBuildConfiguration section */

/* Begin XCConfigurationList section */
		8F0F94ED24A83A4F00463B5D /* Build configuration list for PBXProject "多重采样" */ = {
			isa = XCConfigurationList;
			buildConfigurations = (
				8F0F950424A83A5000463B5D /* Debug */,
				8F0F950524A83A5000463B5D /* Release */,
			);
			defaultConfigurationIsVisible = 0;
			defaultConfigurationName = Release;
		};
		8F0F950624A83A5000463B5D /* Build configuration list for PBXNativeTarget "多重采样" */ = {
			isa = XCConfigurationList;
			buildConfigurations = (
				8F0F950724A83A5000463B5D /* Debug */,
				8F0F950824A83A5000463B5D /* Release */,
			);
			defaultConfigurationIsVisible = 0;
			defaultConfigurationName = Release;
		};
/* End XCConfigurationList section */
	};
	rootObject = 8F0F94EA24A83A4F00463B5D /* Project object */;
}
