// !$*UTF8*$!
{
	archiveVersion = 1;
	classes = {
	};
	objectVersion = 50;
	objects = {

/* Begin PBXBuildFile section */
		8F53266F2430A563006CB1BD /* Assets.xcassets in Resources */ = {isa = PBXBuildFile; fileRef = 8F53266E2430A563006CB1BD /* Assets.xcassets */; };
		8F5326722430A563006CB1BD /* Main.storyboard in Resources */ = {isa = PBXBuildFile; fileRef = 8F5326702430A563006CB1BD /* Main.storyboard */; };
		8F5327002430BAE1006CB1BD /* OpenGL.framework in Frameworks */ = {isa = PBXBuildFile; fileRef = 8F5326FF2430BAE1006CB1BD /* OpenGL.framework */; };
		8F5327022430BAE6006CB1BD /* GLUT.framework in Frameworks */ = {isa = PBXBuildFile; fileRef = 8F5327012430BAE6006CB1BD /* GLUT.framework */; };
		8F5327042430BAFE006CB1BD /* libGLTools.a in Frameworks */ = {isa = PBXBuildFile; fileRef = 8F5327032430BAFE006CB1BD /* libGLTools.a */; };
		8F5327062430BB08006CB1BD /* main.cpp in Sources */ = {isa = PBXBuildFile; fileRef = 8F5327052430BB08006CB1BD /* main.cpp */; };
/* End PBXBuildFile section */

/* Begin PBXFileReference section */
		8F5326652430A562006CB1BD /* 使用矩阵创建几何图形.app */ = {isa = PBXFileReference; explicitFileType = wrapper.application; includeInIndex = 0; path = "使用矩阵创建几何图形.app"; sourceTree = BUILT_PRODUCTS_DIR; };
		8F53266E2430A563006CB1BD /* Assets.xcassets */ = {isa = PBXFileReference; lastKnownFileType = folder.assetcatalog; path = Assets.xcassets; sourceTree = "<group>"; };
		8F5326712430A563006CB1BD /* Base */ = {isa = PBXFileReference; lastKnownFileType = file.storyboard; name = Base; path = Base.lproj/Main.storyboard; sourceTree = "<group>"; };
		8F5326732430A563006CB1BD /* Info.plist */ = {isa = PBXFileReference; lastKnownFileType = text.plist.xml; path = Info.plist; sourceTree = "<group>"; };
		8F5326762430A563006CB1BD /* __________.entitlements */ = {isa = PBXFileReference; lastKnownFileType = text.plist.entitlements; path = "__________.entitlements"; sourceTree = "<group>"; };
		8F5326EF2430BAD7006CB1BD /* GLBatchBase.h */ = {isa = PBXFileReference; fileEncoding = 4; lastKnownFileType = sourcecode.c.h; path = GLBatchBase.h; sourceTree = "<group>"; };
		8F5326F02430BAD7006CB1BD /* math3d.h */ = {isa = PBXFileReference; fileEncoding = 4; lastKnownFileType = sourcecode.c.h; path = math3d.h; sourceTree = "<group>"; };
		8F5326F12430BAD7006CB1BD /* GLTriangleBatch.h */ = {isa = PBXFileReference; fileEncoding = 4; lastKnownFileType = sourcecode.c.h; path = GLTriangleBatch.h; sourceTree = "<group>"; };
		8F5326F22430BAD7006CB1BD /* GLBatch.h */ = {isa = PBXFileReference; fileEncoding = 4; lastKnownFileType = sourcecode.c.h; path = GLBatch.h; sourceTree = "<group>"; };
		8F5326F32430BAD7006CB1BD /* GLMatrixStack.h */ = {isa = PBXFileReference; fileEncoding = 4; lastKnownFileType = sourcecode.c.h; path = GLMatrixStack.h; sourceTree = "<group>"; };
		8F5326F42430BAD7006CB1BD /* GLFrame.h */ = {isa = PBXFileReference; fileEncoding = 4; lastKnownFileType = sourcecode.c.h; path = GLFrame.h; sourceTree = "<group>"; };
		8F5326F52430BAD7006CB1BD /* GLFrustum.h */ = {isa = PBXFileReference; fileEncoding = 4; lastKnownFileType = sourcecode.c.h; path = GLFrustum.h; sourceTree = "<group>"; };
		8F5326F62430BAD7006CB1BD /* GLGeometryTransform.h */ = {isa = PBXFileReference; fileEncoding = 4; lastKnownFileType = sourcecode.c.h; path = GLGeometryTransform.h; sourceTree = "<group>"; };
		8F5326F72430BAD7006CB1BD /* GLShaderManager.h */ = {isa = PBXFileReference; fileEncoding = 4; lastKnownFileType = sourcecode.c.h; path = GLShaderManager.h; sourceTree = "<group>"; };
		8F5326F82430BAD7006CB1BD /* StopWatch.h */ = {isa = PBXFileReference; fileEncoding = 4; lastKnownFileType = sourcecode.c.h; path = StopWatch.h; sourceTree = "<group>"; };
		8F5326FA2430BAD7006CB1BD /* glxew.h */ = {isa = PBXFileReference; fileEncoding = 4; lastKnownFileType = sourcecode.c.h; path = glxew.h; sourceTree = "<group>"; };
		8F5326FB2430BAD7006CB1BD /* wglew.h */ = {isa = PBXFileReference; fileEncoding = 4; lastKnownFileType = sourcecode.c.h; path = wglew.h; sourceTree = "<group>"; };
		8F5326FC2430BAD7006CB1BD /* glew.h */ = {isa = PBXFileReference; fileEncoding = 4; lastKnownFileType = sourcecode.c.h; path = glew.h; sourceTree = "<group>"; };
		8F5326FD2430BAD7006CB1BD /* GLTools.h */ = {isa = PBXFileReference; fileEncoding = 4; lastKnownFileType = sourcecode.c.h; path = GLTools.h; sourceTree = "<group>"; };
		8F5326FF2430BAE1006CB1BD /* OpenGL.framework */ = {isa = PBXFileReference; lastKnownFileType = wrapper.framework; name = OpenGL.framework; path = System/Library/Frameworks/OpenGL.framework; sourceTree = SDKROOT; };
		8F5327012430BAE6006CB1BD /* GLUT.framework */ = {isa = PBXFileReference; lastKnownFileType = wrapper.framework; name = GLUT.framework; path = System/Library/Frameworks/GLUT.framework; sourceTree = SDKROOT; };
		8F5327032430BAFE006CB1BD /* libGLTools.a */ = {isa = PBXFileReference; lastKnownFileType = archive.ar; path = libGLTools.a; sourceTree = "<group>"; };
		8F5327052430BB08006CB1BD /* main.cpp */ = {isa = PBXFileReference; lastKnownFileType = sourcecode.cpp.cpp; path = main.cpp; sourceTree = "<group>"; };
/* End PBXFileReference section */

/* Begin PBXFrameworksBuildPhase section */
		8F5326622430A562006CB1BD /* Frameworks */ = {
			isa = PBXFrameworksBuildPhase;
			buildActionMask = 2147483647;
			files = (
				8F5327042430BAFE006CB1BD /* libGLTools.a in Frameworks */,
				8F5327022430BAE6006CB1BD /* GLUT.framework in Frameworks */,
				8F5327002430BAE1006CB1BD /* OpenGL.framework in Frameworks */,
			);
			runOnlyForDeploymentPostprocessing = 0;
		};
/* End PBXFrameworksBuildPhase section */

/* Begin PBXGroup section */
		8F53265C2430A562006CB1BD = {
			isa = PBXGroup;
			children = (
				8F5326672430A562006CB1BD /* 使用矩阵创建几何图形 */,
				8F5326662430A562006CB1BD /* Products */,
				8F5326FE2430BAE0006CB1BD /* Frameworks */,
			);
			sourceTree = "<group>";
		};
		8F5326662430A562006CB1BD /* Products */ = {
			isa = PBXGroup;
			children = (
				8F5326652430A562006CB1BD /* 使用矩阵创建几何图形.app */,
			);
			name = Products;
			sourceTree = "<group>";
		};
		8F5326672430A562006CB1BD /* 使用矩阵创建几何图形 */ = {
			isa = PBXGroup;
			children = (
				8F5326EE2430BAD7006CB1BD /* include */,
				8F53266E2430A563006CB1BD /* Assets.xcassets */,
				8F5326702430A563006CB1BD /* Main.storyboard */,
				8F5326732430A563006CB1BD /* Info.plist */,
				8F5326762430A563006CB1BD /* __________.entitlements */,
				8F5327052430BB08006CB1BD /* main.cpp */,
			);
			path = "使用矩阵创建几何图形";
			sourceTree = "<group>";
		};
		8F5326EE2430BAD7006CB1BD /* include */ = {
			isa = PBXGroup;
			children = (
				8F5326EF2430BAD7006CB1BD /* GLBatchBase.h */,
				8F5326F02430BAD7006CB1BD /* math3d.h */,
				8F5326F12430BAD7006CB1BD /* GLTriangleBatch.h */,
				8F5326F22430BAD7006CB1BD /* GLBatch.h */,
				8F5326F32430BAD7006CB1BD /* GLMatrixStack.h */,
				8F5326F42430BAD7006CB1BD /* GLFrame.h */,
				8F5326F52430BAD7006CB1BD /* GLFrustum.h */,
				8F5326F62430BAD7006CB1BD /* GLGeometryTransform.h */,
				8F5326F72430BAD7006CB1BD /* GLShaderManager.h */,
				8F5326F82430BAD7006CB1BD /* StopWatch.h */,
				8F5326F92430BAD7006CB1BD /* GL */,
				8F5326FD2430BAD7006CB1BD /* GLTools.h */,
			);
			path = include;
			sourceTree = "<group>";
		};
		8F5326F92430BAD7006CB1BD /* GL */ = {
			isa = PBXGroup;
			children = (
				8F5326FA2430BAD7006CB1BD /* glxew.h */,
				8F5326FB2430BAD7006CB1BD /* wglew.h */,
				8F5326FC2430BAD7006CB1BD /* glew.h */,
			);
			path = GL;
			sourceTree = "<group>";
		};
		8F5326FE2430BAE0006CB1BD /* Frameworks */ = {
			isa = PBXGroup;
			children = (
				8F5327032430BAFE006CB1BD /* libGLTools.a */,
				8F5327012430BAE6006CB1BD /* GLUT.framework */,
				8F5326FF2430BAE1006CB1BD /* OpenGL.framework */,
			);
			name = Frameworks;
			sourceTree = "<group>";
		};
/* End PBXGroup section */

/* Begin PBXNativeTarget section */
		8F5326642430A562006CB1BD /* 使用矩阵创建几何图形 */ = {
			isa = PBXNativeTarget;
			buildConfigurationList = 8F5326792430A563006CB1BD /* Build configuration list for PBXNativeTarget "使用矩阵创建几何图形" */;
			buildPhases = (
				8F5326612430A562006CB1BD /* Sources */,
				8F5326622430A562006CB1BD /* Frameworks */,
				8F5326632430A562006CB1BD /* Resources */,
			);
			buildRules = (
			);
			dependencies = (
			);
			name = "使用矩阵创建几何图形";
			productName = "使用矩阵创建几何图形";
			productReference = 8F5326652430A562006CB1BD /* 使用矩阵创建几何图形.app */;
			productType = "com.apple.product-type.application";
		};
/* End PBXNativeTarget section */

/* Begin PBXProject section */
		8F53265D2430A562006CB1BD /* Project object */ = {
			isa = PBXProject;
			attributes = {
				LastUpgradeCheck = 1130;
				ORGANIZATIONNAME = AlanGe;
				TargetAttributes = {
					8F5326642430A562006CB1BD = {
						CreatedOnToolsVersion = 11.3;
					};
				};
			};
			buildConfigurationList = 8F5326602430A562006CB1BD /* Build configuration list for PBXProject "使用矩阵创建几何图形" */;
			compatibilityVersion = "Xcode 9.3";
			developmentRegion = en;
			hasScannedForEncodings = 0;
			knownRegions = (
				en,
				Base,
			);
			mainGroup = 8F53265C2430A562006CB1BD;
			productRefGroup = 8F5326662430A562006CB1BD /* Products */;
			projectDirPath = "";
			projectRoot = "";
			targets = (
				8F5326642430A562006CB1BD /* 使用矩阵创建几何图形 */,
			);
		};
/* End PBXProject section */

/* Begin PBXResourcesBuildPhase section */
		8F5326632430A562006CB1BD /* Resources */ = {
			isa = PBXResourcesBuildPhase;
			buildActionMask = 2147483647;
			files = (
				8F53266F2430A563006CB1BD /* Assets.xcassets in Resources */,
				8F5326722430A563006CB1BD /* Main.storyboard in Resources */,
			);
			runOnlyForDeploymentPostprocessing = 0;
		};
/* End PBXResourcesBuildPhase section */

/* Begin PBXSourcesBuildPhase section */
		8F5326612430A562006CB1BD /* Sources */ = {
			isa = PBXSourcesBuildPhase;
			buildActionMask = 2147483647;
			files = (
				8F5327062430BB08006CB1BD /* main.cpp in Sources */,
			);
			runOnlyForDeploymentPostprocessing = 0;
		};
/* End PBXSourcesBuildPhase section */

/* Begin PBXVariantGroup section */
		8F5326702430A563006CB1BD /* Main.storyboard */ = {
			isa = PBXVariantGroup;
			children = (
				8F5326712430A563006CB1BD /* Base */,
			);
			name = Main.storyboard;
			sourceTree = "<group>";
		};
/* End PBXVariantGroup section */

/* Begin XCBuildConfiguration section */
		8F5326772430A563006CB1BD /* Debug */ = {
			isa = XCBuildConfiguration;
			buildSettings = {
				ALWAYS_SEARCH_USER_PATHS = NO;
				CLANG_ANALYZER_NONNULL = YES;
				CLANG_ANALYZER_NUMBER_OBJECT_CONVERSION = YES_AGGRESSIVE;
				CLANG_CXX_LANGUAGE_STANDARD = "gnu++14";
				CLANG_CXX_LIBRARY = "libc++";
				CLANG_ENABLE_MODULES = YES;
				CLANG_ENABLE_OBJC_ARC = YES;
				CLANG_ENABLE_OBJC_WEAK = YES;
				CLANG_WARN_BLOCK_CAPTURE_AUTORELEASING = YES;
				CLANG_WARN_BOOL_CONVERSION = YES;
				CLANG_WARN_COMMA = YES;
				CLANG_WARN_CONSTANT_CONVERSION = YES;
				CLANG_WARN_DEPRECATED_OBJC_IMPLEMENTATIONS = YES;
				CLANG_WARN_DIRECT_OBJC_ISA_USAGE = YES_ERROR;
				CLANG_WARN_DOCUMENTATION_COMMENTS = YES;
				CLANG_WARN_EMPTY_BODY = YES;
				CLANG_WARN_ENUM_CONVERSION = YES;
				CLANG_WARN_INFINITE_RECURSION = YES;
				CLANG_WARN_INT_CONVERSION = YES;
				CLANG_WARN_NON_LITERAL_NULL_CONVERSION = YES;
				CLANG_WARN_OBJC_IMPLICIT_RETAIN_SELF = YES;
				CLANG_WARN_OBJC_LITERAL_CONVERSION = YES;
				CLANG_WARN_OBJC_ROOT_CLASS = YES_ERROR;
				CLANG_WARN_RANGE_LOOP_ANALYSIS = YES;
				CLANG_WARN_STRICT_PROTOTYPES = YES;
				CLANG_WARN_SUSPICIOUS_MOVE = YES;
				CLANG_WARN_UNGUARDED_AVAILABILITY = YES_AGGRESSIVE;
				CLANG_WARN_UNREACHABLE_CODE = YES;
				CLANG_WARN__DUPLICATE_METHOD_MATCH = YES;
				COPY_PHASE_STRIP = NO;
				DEBUG_INFORMATION_FORMAT = dwarf;
				ENABLE_STRICT_OBJC_MSGSEND = YES;
				ENABLE_TESTABILITY = YES;
				GCC_C_LANGUAGE_STANDARD = gnu11;
				GCC_DYNAMIC_NO_PIC = NO;
				GCC_NO_COMMON_BLOCKS = YES;
				GCC_OPTIMIZATION_LEVEL = 0;
				GCC_PREPROCESSOR_DEFINITIONS = (
					"DEBUG=1",
					"$(inherited)",
				);
				GCC_WARN_64_TO_32_BIT_CONVERSION = YES;
				GCC_WARN_ABOUT_RETURN_TYPE = YES_ERROR;
				GCC_WARN_UNDECLARED_SELECTOR = YES;
				GCC_WARN_UNINITIALIZED_AUTOS = YES_AGGRESSIVE;
				GCC_WARN_UNUSED_FUNCTION = YES;
				GCC_WARN_UNUSED_VARIABLE = YES;
				MACOSX_DEPLOYMENT_TARGET = 10.15;
				MTL_ENABLE_DEBUG_INFO = INCLUDE_SOURCE;
				MTL_FAST_MATH = YES;
				ONLY_ACTIVE_ARCH = YES;
				SDKROOT = macosx;
			};
			name = Debug;
		};
		8F5326782430A563006CB1BD /* Release */ = {
			isa = XCBuildConfiguration;
			buildSettings = {
				ALWAYS_SEARCH_USER_PATHS = NO;
				CLANG_ANALYZER_NONNULL = YES;
				CLANG_ANALYZER_NUMBER_OBJECT_CONVERSION = YES_AGGRESSIVE;
				CLANG_CXX_LANGUAGE_STANDARD = "gnu++14";
				CLANG_CXX_LIBRARY = "libc++";
				CLANG_ENABLE_MODULES = YES;
				CLANG_ENABLE_OBJC_ARC = YES;
				CLANG_ENABLE_OBJC_WEAK = YES;
				CLANG_WARN_BLOCK_CAPTURE_AUTORELEASING = YES;
				CLANG_WARN_BOOL_CONVERSION = YES;
				CLANG_WARN_COMMA = YES;
				CLANG_WARN_CONSTANT_CONVERSION = YES;
				CLANG_WARN_DEPRECATED_OBJC_IMPLEMENTATIONS = YES;
				CLANG_WARN_DIRECT_OBJC_ISA_USAGE = YES_ERROR;
				CLANG_WARN_DOCUMENTATION_COMMENTS = YES;
				CLANG_WARN_EMPTY_BODY = YES;
				CLANG_WARN_ENUM_CONVERSION = YES;
				CLANG_WARN_INFINITE_RECURSION = YES;
				CLANG_WARN_INT_CONVERSION = YES;
				CLANG_WARN_NON_LITERAL_NULL_CONVERSION = YES;
				CLANG_WARN_OBJC_IMPLICIT_RETAIN_SELF = YES;
				CLANG_WARN_OBJC_LITERAL_CONVERSION = YES;
				CLANG_WARN_OBJC_ROOT_CLASS = YES_ERROR;
				CLANG_WARN_RANGE_LOOP_ANALYSIS = YES;
				CLANG_WARN_STRICT_PROTOTYPES = YES;
				CLANG_WARN_SUSPICIOUS_MOVE = YES;
				CLANG_WARN_UNGUARDED_AVAILABILITY = YES_AGGRESSIVE;
				CLANG_WARN_UNREACHABLE_CODE = YES;
				CLANG_WARN__DUPLICATE_METHOD_MATCH = YES;
				COPY_PHASE_STRIP = NO;
				DEBUG_INFORMATION_FORMAT = "dwarf-with-dsym";
				ENABLE_NS_ASSERTIONS = NO;
				ENABLE_STRICT_OBJC_MSGSEND = YES;
				GCC_C_LANGUAGE_STANDARD = gnu11;
				GCC_NO_COMMON_BLOCKS = YES;
				GCC_WARN_64_TO_32_BIT_CONVERSION = YES;
				GCC_WARN_ABOUT_RETURN_TYPE = YES_ERROR;
				GCC_WARN_UNDECLARED_SELECTOR = YES;
				GCC_WARN_UNINITIALIZED_AUTOS = YES_AGGRESSIVE;
				GCC_WARN_UNUSED_FUNCTION = YES;
				GCC_WARN_UNUSED_VARIABLE = YES;
				MACOSX_DEPLOYMENT_TARGET = 10.15;
				MTL_ENABLE_DEBUG_INFO = NO;
				MTL_FAST_MATH = YES;
				SDKROOT = macosx;
			};
			name = Release;
		};
		8F53267A2430A563006CB1BD /* Debug */ = {
			isa = XCBuildConfiguration;
			buildSettings = {
				ASSETCATALOG_COMPILER_APPICON_NAME = AppIcon;
				CODE_SIGN_ENTITLEMENTS = "使用矩阵创建几何图形/__________.entitlements";
				CODE_SIGN_STYLE = Automatic;
				COMBINE_HIDPI_IMAGES = YES;
				HEADER_SEARCH_PATHS = "\"$(SRCROOT)/使用矩阵创建几何图形/include\"";
				INFOPLIST_FILE = "使用矩阵创建几何图形/Info.plist";
				LD_RUNPATH_SEARCH_PATHS = (
					"$(inherited)",
					"@executable_path/../Frameworks",
				);
				LIBRARY_SEARCH_PATHS = (
					"$(inherited)",
					"$(PROJECT_DIR)",
				);
				PRODUCT_BUNDLE_IDENTIFIER = "AlanGe.----------";
				PRODUCT_NAME = "$(TARGET_NAME)";
			};
			name = Debug;
		};
		8F53267B2430A563006CB1BD /* Release */ = {
			isa = XCBuildConfiguration;
			buildSettings = {
				ASSETCATALOG_COMPILER_APPICON_NAME = AppIcon;
				CODE_SIGN_ENTITLEMENTS = "使用矩阵创建几何图形/__________.entitlements";
				CODE_SIGN_STYLE = Automatic;
				COMBINE_HIDPI_IMAGES = YES;
				HEADER_SEARCH_PATHS = "\"$(SRCROOT)/使用矩阵创建几何图形/include\"";
				INFOPLIST_FILE = "使用矩阵创建几何图形/Info.plist";
				LD_RUNPATH_SEARCH_PATHS = (
					"$(inherited)",
					"@executable_path/../Frameworks",
				);
				LIBRARY_SEARCH_PATHS = (
					"$(inherited)",
					"$(PROJECT_DIR)",
				);
				PRODUCT_BUNDLE_IDENTIFIER = "AlanGe.----------";
				PRODUCT_NAME = "$(TARGET_NAME)";
			};
			name = Release;
		};
/* End XCBuildConfiguration section */

/* Begin XCConfigurationList section */
		8F5326602430A562006CB1BD /* Build configuration list for PBXProject "使用矩阵创建几何图形" */ = {
			isa = XCConfigurationList;
			buildConfigurations = (
				8F5326772430A563006CB1BD /* Debug */,
				8F5326782430A563006CB1BD /* Release */,
			);
			defaultConfigurationIsVisible = 0;
			defaultConfigurationName = Release;
		};
		8F5326792430A563006CB1BD /* Build configuration list for PBXNativeTarget "使用矩阵创建几何图形" */ = {
			isa = XCConfigurationList;
			buildConfigurations = (
				8F53267A2430A563006CB1BD /* Debug */,
				8F53267B2430A563006CB1BD /* Release */,
			);
			defaultConfigurationIsVisible = 0;
			defaultConfigurationName = Release;
		};
/* End XCConfigurationList section */
	};
	rootObject = 8F53265D2430A562006CB1BD /* Project object */;
}
